version = 1
revision = 2
requires-python = ">=3.11"

[[package]]
name = "actionlint-py"
version = "1.7.12.24"
source = { registry = "https://pypi.org/simple" }
sdist = { url = "https://files.pythonhosted.org/packages/6f/0b/3f29683dfbe94208fb5c3806806a6ef419972892e25c3c4f95198f68c978/actionlint_py-1.7.12.24.tar.gz", hash = "sha256:7571b0724fde79b2572b98b2b53792c470249d4db29951b57fc49b9cd3eaf11e", size = 12071, upload-time = "2026-03-31T06:21:35.015Z" }

[[package]]
name = "inspect-evals-actions"
version = "0.0.0"
source = { virtual = "." }

[package.dev-dependencies]
dev = [
    { name = "actionlint-py" },
    { name = "zizmor" },
]

[package.metadata]

[package.metadata.requires-dev]
dev = [
    { name = "actionlint-py", specifier = "==1.7.12.24" },
    { name = "zizmor", specifier = "==1.24.1" },
]

[[package]]
name = "zizmor"
version = "1.24.1"
source = { registry = "https://pypi.org/simple" }
sdist = { url = "https://files.pythonhosted.org/packages/27/98/21be481ab5c08d976e59409828cfcb460a32a737415cf4e9c3f3280acc0b/zizmor-1.24.1.tar.gz", hash = "sha256:54ebb7a7061ebaa3a373126dcbafe970c9228fe274cfc40776a9714d2095b5e6", size = 501427, upload-time = "2026-04-13T18:01:34.666Z" }
wheels = [
    { url = "https://files.pythonhosted.org/packages/6a/0d/c932a14dfe7d3fed5dbf26a7bf1b7b9dbf277cef1d0b76fbcddae386442d/zizmor-1.24.1-py3-none-macosx_10_12_x86_64.whl", hash = "sha256:fd7c4953aa438aae599db69ed70ac687995e9e3314208bf1be5336479d556c8e", size = 9123014, upload-time = "2026-04-13T18:01:28.834Z" },
    { url = "https://files.pythonhosted.org/packages/5c/cc/f87ff2ccb9c57f4a1e5e9bd0351f9c84dc724fbd61b8ef70bc7e8abc1e0e/zizmor-1.24.1-py3-none-macosx_11_0_arm64.whl", hash = "sha256:f44379019188b1a18d560614ab8abac7ce10553ad2ab57d519fa1c214881ff95", size = 8664275, upload-time = "2026-04-13T18:01:24.588Z" },
    { url = "https://files.pythonhosted.org/packages/d2/64/1dfa166dea03ddff23ee3d6c6ebce8322766f7188e008aa0d3612af3e709/zizmor-1.24.1-py3-none-manylinux_2_24_aarch64.whl", hash = "sha256:9b0689c55854edb0f3e6430321a93ca0081d8e34028cdcb47b9504f8a8559c27", size = 8837100, upload-time = "2026-04-13T18:01:18.708Z" },
    { url = "https://files.pythonhosted.org/packages/65/67/cc411d605fec63b70558d572eb3fc2dbe4e596753e747b74daf5b795c1ed/zizmor-1.24.1-py3-none-manylinux_2_28_armv7l.whl", hash = "sha256:61f39674d5ea29640c4b09f3c239b3c9824c646bc790fa3680022e7bb569b375", size = 8430633, upload-time = "2026-04-13T18:01:20.757Z" },
    { url = "https://files.pythonhosted.org/packages/76/86/f8dfffc7a5348c41bc17dea1f1796ac1a56d5e448f26a4193bc65996f571/zizmor-1.24.1-py3-none-manylinux_2_28_x86_64.whl", hash = "sha256:73083efc7a65e5a58f4439dd781cdcb0394b05a3750e664c7f7e414589dc49b1", size = 9263074, upload-time = "2026-04-13T18:01:31.403Z" },
    { url = "https://files.pythonhosted.org/packages/14/62/db19dd027b412e92bbea8bd311b733d7726402ee3c734033c714125348f1/zizmor-1.24.1-py3-none-musllinux_1_2_aarch64.whl", hash = "sha256:d36a2ba3b6d839acd4542f1a8f42bc34ff902cbff302cdf7916cb4e49dc8c5cc", size = 8863996, upload-time = "2026-04-13T18:01:35.929Z" },
    { url = "https://files.pythonhosted.org/packages/8d/28/c4f220a14cb100ecc965ea0faed1c1229139861a55e792522274221988b3/zizmor-1.24.1-py3-none-musllinux_1_2_armv7l.whl", hash = "sha256:ff5acdd10c66ac27396c0fe14e4604933f6c622ffda38a6aa2857b99c75f5108", size = 8382934, upload-time = "2026-04-13T18:01:27.014Z" },
    { url = "https://files.pythonhosted.org/packages/a1/df/9593e8851424738a3b682be8958abf0e6a2c170e0c880d7b3bfb5d9eaf15/zizmor-1.24.1-py3-none-musllinux_1_2_x86_64.whl", hash = "sha256:b2d873816137296ca5633ad240a574ce49374009a39d43f78a1675e2dba1ab52", size = 9352624, upload-time = "2026-04-13T18:01:16.672Z" },
    { url = "https://files.pythonhosted.org/packages/ee/b9/2c4fe526fc02926206903bfc72dbfbc215f01728eccef8135363d57890c9/zizmor-1.24.1-py3-none-win32.whl", hash = "sha256:c87812173fef2a3449d269e50e93b67b2f40826d10464c7add0c0fd7f0523a2c", size = 7496962, upload-time = "2026-04-13T18:01:22.773Z" },
    { url = "https://files.pythonhosted.org/packages/ed/24/710149e5d64d474103165b9eef6f7698827ef2fbb762b034ebc02b11a816/zizmor-1.24.1-py3-none-win_amd64.whl", hash = "sha256:9a0e552bf84f146699a0231dc42cf2cd5cfe140e3f08ff867ac154f62fc1ac2e", size = 8550658, upload-time = "2026-04-13T18:01:33.13Z" },
]
